PODS:
  - AliPlayerSDK_iOS (5.4.3.0-15262825):
    - AliPlayerSDK_iOS/AliPlayerSDK (= 5.4.3.0-15262825)
  - AliPlayerSDK_iOS/AliPlayerSDK (5.4.3.0-15262825)
  - Masonry (1.1.0)

DEPENDENCIES:
  - AliPlayerSDK_iOS (= 5.4.3.0-15262825)
  - Masonry

SPEC REPOS:
  https://github.com/CocoaPods/Specs.git:
    - AliPlayerSDK_iOS
    - Masonry

SPEC CHECKSUMS:
  AliPlayerSDK_iOS: e2dfb1e92e0a28c31925413791f82be6a902d4bd
  Masonry: 678fab65091a9290e40e2832a55e7ab731aad201

PODFILE CHECKSUM: 7af01ca8ab7ddb4f0d6c70afaeaa979ce44277c1

COCOAPODS: 1.11.2
